
Microsoft Visual Studio Solution File, Format Version 12.00
# Visual Studio Version 17
VisualStudioVersion = 17.4.33205.214
MinimumVisualStudioVersion = 10.0.40219.1
Project("{FAE04EC0-301F-11D3-BF4B-00C04F79EFBC}") = "metodaBisekcji", "metodaBisekcji\metodaBisekcji.csproj", "{5C46F38D-60D7-4C49-9A83-612EA313D602}"
EndProject
Global
	GlobalSection(SolutionConfigurationPlatforms) = preSolution
		Debug|Any CPU = Debug|Any CPU
		Release|Any CPU = Release|Any CPU
	EndGlobalSection
	GlobalSection(ProjectConfigurationPlatforms) = postSolution
		{5C46F38D-60D7-4C49-9A83-612EA313D602}.Debug|Any CPU.ActiveCfg = Debug|Any CPU
		{5C46F38D-60D7-4C49-9A83-612EA313D602}.Debug|Any CPU.Build.0 = Debug|Any CPU
		{5C46F38D-60D7-4C49-9A83-612EA313D602}.Release|Any CPU.ActiveCfg = Release|Any CPU
		{5C46F38D-60D7-4C49-9A83-612EA313D602}.Release|Any CPU.Build.0 = Release|Any CPU
	EndGlobalSection
	GlobalSection(SolutionProperties) = preSolution
		HideSolutionNode = FALSE
	EndGlobalSection
	GlobalSection(ExtensibilityGlobals) = postSolution
		SolutionGuid = {388A3D02-099F-4137-9EC4-EFEF084A7FDA}
	EndGlobalSection
EndGlobal
