
Microsoft Visual Studio Solution File, Format Version 12.00
# Visual Studio Version 17
VisualStudioVersion = 17.4.33213.308
MinimumVisualStudioVersion = 10.0.40219.1
Project("{FAE04EC0-301F-11D3-BF4B-00C04F79EFBC}") = "polePewnegoKola", "polePewnegoKola\polePewnegoKola.csproj", "{F65ECEC7-65F3-4467-AC61-DCBC2AB4808B}"
EndProject
Global
	GlobalSection(SolutionConfigurationPlatforms) = preSolution
		Debug|Any CPU = Debug|Any CPU
		Release|Any CPU = Release|Any CPU
	EndGlobalSection
	GlobalSection(ProjectConfigurationPlatforms) = postSolution
		{F65ECEC7-65F3-4467-AC61-DCBC2AB4808B}.Debug|Any CPU.ActiveCfg = Debug|Any CPU
		{F65ECEC7-65F3-4467-AC61-DCBC2AB4808B}.Debug|Any CPU.Build.0 = Debug|Any CPU
		{F65ECEC7-65F3-4467-AC61-DCBC2AB4808B}.Release|Any CPU.ActiveCfg = Release|Any CPU
		{F65ECEC7-65F3-4467-AC61-DCBC2AB4808B}.Release|Any CPU.Build.0 = Release|Any CPU
	EndGlobalSection
	GlobalSection(SolutionProperties) = preSolution
		HideSolutionNode = FALSE
	EndGlobalSection
	GlobalSection(ExtensibilityGlobals) = postSolution
		SolutionGuid = {107CF697-FA62-4771-ADC2-C7E036EB6237}
	EndGlobalSection
EndGlobal
