
Microsoft Visual Studio Solution File, Format Version 12.00
# Visual Studio Version 17
VisualStudioVersion = 17.4.33205.214
MinimumVisualStudioVersion = 10.0.40219.1
Project("{FAE04EC0-301F-11D3-BF4B-00C04F79EFBC}") = "Przeszukiwanie tablicy", "Przeszukiwanie tablicy\Przeszukiwanie tablicy.csproj", "{B4638EDC-C062-4046-906D-41151BEFFB83}"
EndProject
Global
	GlobalSection(SolutionConfigurationPlatforms) = preSolution
		Debug|Any CPU = Debug|Any CPU
		Release|Any CPU = Release|Any CPU
	EndGlobalSection
	GlobalSection(ProjectConfigurationPlatforms) = postSolution
		{B4638EDC-C062-4046-906D-41151BEFFB83}.Debug|Any CPU.ActiveCfg = Debug|Any CPU
		{B4638EDC-C062-4046-906D-41151BEFFB83}.Debug|Any CPU.Build.0 = Debug|Any CPU
		{B4638EDC-C062-4046-906D-41151BEFFB83}.Release|Any CPU.ActiveCfg = Release|Any CPU
		{B4638EDC-C062-4046-906D-41151BEFFB83}.Release|Any CPU.Build.0 = Release|Any CPU
	EndGlobalSection
	GlobalSection(SolutionProperties) = preSolution
		HideSolutionNode = FALSE
	EndGlobalSection
	GlobalSection(ExtensibilityGlobals) = postSolution
		SolutionGuid = {B7219B0E-D141-475A-8E59-6F97B5740300}
	EndGlobalSection
EndGlobal
