
Microsoft Visual Studio Solution File, Format Version 12.00
# Visual Studio Version 17
VisualStudioVersion = 17.4.33205.214
MinimumVisualStudioVersion = 10.0.40219.1
Project("{FAE04EC0-301F-11D3-BF4B-00C04F79EFBC}") = "sortowaniePrzezWstawianie", "sortowaniePrzezWstawianie\sortowaniePrzezWstawianie.csproj", "{489E2571-EA0B-4BA6-8FA7-627ADB1D801C}"
EndProject
Global
	GlobalSection(SolutionConfigurationPlatforms) = preSolution
		Debug|Any CPU = Debug|Any CPU
		Release|Any CPU = Release|Any CPU
	EndGlobalSection
	GlobalSection(ProjectConfigurationPlatforms) = postSolution
		{489E2571-EA0B-4BA6-8FA7-627ADB1D801C}.Debug|Any CPU.ActiveCfg = Debug|Any CPU
		{489E2571-EA0B-4BA6-8FA7-627ADB1D801C}.Debug|Any CPU.Build.0 = Debug|Any CPU
		{489E2571-EA0B-4BA6-8FA7-627ADB1D801C}.Release|Any CPU.ActiveCfg = Release|Any CPU
		{489E2571-EA0B-4BA6-8FA7-627ADB1D801C}.Release|Any CPU.Build.0 = Release|Any CPU
	EndGlobalSection
	GlobalSection(SolutionProperties) = preSolution
		HideSolutionNode = FALSE
	EndGlobalSection
	GlobalSection(ExtensibilityGlobals) = postSolution
		SolutionGuid = {45E3F5F7-759F-47E1-8092-11D4F1E1BAB1}
	EndGlobalSection
EndGlobal
