
Microsoft Visual Studio Solution File, Format Version 12.00
# Visual Studio Version 17
VisualStudioVersion = 17.4.33213.308
MinimumVisualStudioVersion = 10.0.40219.1
Project("{FAE04EC0-301F-11D3-BF4B-00C04F79EFBC}") = "KOSTKA", "KOSTKA\KOSTKA.csproj", "{16622B3A-FF52-413B-819A-82971E8E16A6}"
EndProject
Global
	GlobalSection(SolutionConfigurationPlatforms) = preSolution
		Debug|Any CPU = Debug|Any CPU
		Release|Any CPU = Release|Any CPU
	EndGlobalSection
	GlobalSection(ProjectConfigurationPlatforms) = postSolution
		{16622B3A-FF52-413B-819A-82971E8E16A6}.Debug|Any CPU.ActiveCfg = Debug|Any CPU
		{16622B3A-FF52-413B-819A-82971E8E16A6}.Debug|Any CPU.Build.0 = Debug|Any CPU
		{16622B3A-FF52-413B-819A-82971E8E16A6}.Release|Any CPU.ActiveCfg = Release|Any CPU
		{16622B3A-FF52-413B-819A-82971E8E16A6}.Release|Any CPU.Build.0 = Release|Any CPU
	EndGlobalSection
	GlobalSection(SolutionProperties) = preSolution
		HideSolutionNode = FALSE
	EndGlobalSection
	GlobalSection(ExtensibilityGlobals) = postSolution
		SolutionGuid = {584F2561-08AF-48AF-8C0F-396AA0260E7F}
	EndGlobalSection
EndGlobal
